
Microsoft Visual Studio Solution File, Format Version 12.00
# Visual Studio 2013
VisualStudioVersion = 12.0.30723.0
MinimumVisualStudioVersion = 10.0.40219.1
Project("{FAE04EC0-301F-11D3-BF4B-00C04F79EFBC}") = "SellYourStuff", "SellYourStuff\SellYourStuff.csproj", "{2D451244-8BD3-4596-8359-D2886E2B2DED}"
EndProject
Project("{FAE04EC0-301F-11D3-BF4B-00C04F79EFBC}") = "SellYourStuff.Tests", "SellYourStuff.Tests\SellYourStuff.Tests.csproj", "{67BAEC5D-0520-41B7-8B20-8543D21632EE}"
EndProject
Project("{2150E333-8FDC-42A3-9474-1A3956D46DE8}") = "PublishScripts", "PublishScripts", "{F1938D64-7CC5-4069-89F6-DDA47B17A41C}"
	ProjectSection(SolutionItems) = preProject
		PublishScripts\AzureWebsitePublishModule.psm1 = PublishScripts\AzureWebsitePublishModule.psm1
		PublishScripts\Publish-WebApplicationWebsite.ps1 = PublishScripts\Publish-WebApplicationWebsite.ps1
	EndProjectSection
EndProject
Project("{2150E333-8FDC-42A3-9474-1A3956D46DE8}") = "Configurations", "Configurations", "{9023B7FE-C88F-46AB-BB6C-EF73424876EE}"
	ProjectSection(SolutionItems) = preProject
		PublishScripts\Configurations\SellYourStuff-WAWS-dev.json = PublishScripts\Configurations\SellYourStuff-WAWS-dev.json
	EndProjectSection
EndProject
Global
	GlobalSection(SolutionConfigurationPlatforms) = preSolution
		Debug|Any CPU = Debug|Any CPU
		Release|Any CPU = Release|Any CPU
	EndGlobalSection
	GlobalSection(ProjectConfigurationPlatforms) = postSolution
		{2D451244-8BD3-4596-8359-D2886E2B2DED}.Debug|Any CPU.ActiveCfg = Debug|Any CPU
		{2D451244-8BD3-4596-8359-D2886E2B2DED}.Debug|Any CPU.Build.0 = Debug|Any CPU
		{2D451244-8BD3-4596-8359-D2886E2B2DED}.Release|Any CPU.ActiveCfg = Release|Any CPU
		{2D451244-8BD3-4596-8359-D2886E2B2DED}.Release|Any CPU.Build.0 = Release|Any CPU
		{67BAEC5D-0520-41B7-8B20-8543D21632EE}.Debug|Any CPU.ActiveCfg = Debug|Any CPU
		{67BAEC5D-0520-41B7-8B20-8543D21632EE}.Debug|Any CPU.Build.0 = Debug|Any CPU
		{67BAEC5D-0520-41B7-8B20-8543D21632EE}.Release|Any CPU.ActiveCfg = Release|Any CPU
		{67BAEC5D-0520-41B7-8B20-8543D21632EE}.Release|Any CPU.Build.0 = Release|Any CPU
	EndGlobalSection
	GlobalSection(SolutionProperties) = preSolution
		HideSolutionNode = FALSE
	EndGlobalSection
	GlobalSection(NestedProjects) = preSolution
		{9023B7FE-C88F-46AB-BB6C-EF73424876EE} = {F1938D64-7CC5-4069-89F6-DDA47B17A41C}
	EndGlobalSection
EndGlobal
